
Microsoft Visual Studio Solution File, Format Version 12.00
# Visual Studio Version 16
VisualStudioVersion = 16.0.29411.108
MinimumVisualStudioVersion = 10.0.40219.1
Project("{FAE04EC0-301F-11D3-BF4B-00C04F79EFBC}") = "ejercicio2", "ejercicio2.csproj", "{EDC56D8F-AA0C-4482-9C9E-1C560395E91A}"
EndProject
Global
	GlobalSection(SolutionConfigurationPlatforms) = preSolution
		Debug|Any CPU = Debug|Any CPU
		Release|Any CPU = Release|Any CPU
	EndGlobalSection
	GlobalSection(ProjectConfigurationPlatforms) = postSolution
		{EDC56D8F-AA0C-4482-9C9E-1C560395E91A}.Debug|Any CPU.ActiveCfg = Debug|Any CPU
		{EDC56D8F-AA0C-4482-9C9E-1C560395E91A}.Debug|Any CPU.Build.0 = Debug|Any CPU
		{EDC56D8F-AA0C-4482-9C9E-1C560395E91A}.Release|Any CPU.ActiveCfg = Release|Any CPU
		{EDC56D8F-AA0C-4482-9C9E-1C560395E91A}.Release|Any CPU.Build.0 = Release|Any CPU
	EndGlobalSection
	GlobalSection(SolutionProperties) = preSolution
		HideSolutionNode = FALSE
	EndGlobalSection
	GlobalSection(ExtensibilityGlobals) = postSolution
		SolutionGuid = {457D56E7-C6A3-42F0-A793-FAE5264C2849}
	EndGlobalSection
EndGlobal
