
Microsoft Visual Studio Solution File, Format Version 12.00
# Visual Studio Version 16
VisualStudioVersion = 16.0.29411.108
MinimumVisualStudioVersion = 10.0.40219.1
Project("{FAE04EC0-301F-11D3-BF4B-00C04F79EFBC}") = "ejercicio1", "ejercicio1\ejercicio1.csproj", "{52E94B14-BBE6-44ED-9ADA-A9FE9471E376}"
EndProject
Global
	GlobalSection(SolutionConfigurationPlatforms) = preSolution
		Debug|Any CPU = Debug|Any CPU
		Release|Any CPU = Release|Any CPU
	EndGlobalSection
	GlobalSection(ProjectConfigurationPlatforms) = postSolution
		{52E94B14-BBE6-44ED-9ADA-A9FE9471E376}.Debug|Any CPU.ActiveCfg = Debug|Any CPU
		{52E94B14-BBE6-44ED-9ADA-A9FE9471E376}.Debug|Any CPU.Build.0 = Debug|Any CPU
		{52E94B14-BBE6-44ED-9ADA-A9FE9471E376}.Release|Any CPU.ActiveCfg = Release|Any CPU
		{52E94B14-BBE6-44ED-9ADA-A9FE9471E376}.Release|Any CPU.Build.0 = Release|Any CPU
	EndGlobalSection
	GlobalSection(SolutionProperties) = preSolution
		HideSolutionNode = FALSE
	EndGlobalSection
	GlobalSection(ExtensibilityGlobals) = postSolution
		SolutionGuid = {1678F64A-F67E-4B74-8CBE-B24BFB1A1CE3}
	EndGlobalSection
EndGlobal
